
Microsoft Visual Studio Solution File, Format Version 12.00
# Visual Studio 15
VisualStudioVersion = 15.0.26730.15
MinimumVisualStudioVersion = 10.0.40219.1
Project("{FAE04EC0-301F-11D3-BF4B-00C04F79EFBC}") = "ds-aspnet4.6.1netcore2-razormvc", "ds-aspnet4.6.1netcore2-razormvc\ds-aspnet4.6.1netcore2-razormvc.csproj", "{8C8D4B16-A1C2-4ECB-AF55-D11F4D140839}"
EndProject
Global
	GlobalSection(SolutionConfigurationPlatforms) = preSolution
		Debug|Any CPU = Debug|Any CPU
		Release|Any CPU = Release|Any CPU
	EndGlobalSection
	GlobalSection(ProjectConfigurationPlatforms) = postSolution
		{8C8D4B16-A1C2-4ECB-AF55-D11F4D140839}.Debug|Any CPU.ActiveCfg = Debug|Any CPU
		{8C8D4B16-A1C2-4ECB-AF55-D11F4D140839}.Debug|Any CPU.Build.0 = Debug|Any CPU
		{8C8D4B16-A1C2-4ECB-AF55-D11F4D140839}.Release|Any CPU.ActiveCfg = Release|Any CPU
		{8C8D4B16-A1C2-4ECB-AF55-D11F4D140839}.Release|Any CPU.Build.0 = Release|Any CPU
	EndGlobalSection
	GlobalSection(SolutionProperties) = preSolution
		HideSolutionNode = FALSE
	EndGlobalSection
	GlobalSection(ExtensibilityGlobals) = postSolution
		SolutionGuid = {BF76F3D6-D88B-4F18-AF4D-5FFDEEE86658}
	EndGlobalSection
EndGlobal
